
Microsoft Visual Studio Solution File, Format Version 12.00
# Visual Studio Version 17
VisualStudioVersion = 17.2.32602.215
MinimumVisualStudioVersion = 10.0.40219.1
Project("{FAE04EC0-301F-11D3-BF4B-00C04F79EFBC}") = "ProjektyBazyDanych", "ProjektyBazyDanych\ProjektyBazyDanych.csproj", "{5A6956EB-3DF6-49B3-BD21-F2065560C808}"
EndProject
Global
	GlobalSection(SolutionConfigurationPlatforms) = preSolution
		Debug|Any CPU = Debug|Any CPU
		Release|Any CPU = Release|Any CPU
	EndGlobalSection
	GlobalSection(ProjectConfigurationPlatforms) = postSolution
		{5A6956EB-3DF6-49B3-BD21-F2065560C808}.Debug|Any CPU.ActiveCfg = Debug|Any CPU
		{5A6956EB-3DF6-49B3-BD21-F2065560C808}.Debug|Any CPU.Build.0 = Debug|Any CPU
		{5A6956EB-3DF6-49B3-BD21-F2065560C808}.Release|Any CPU.ActiveCfg = Release|Any CPU
		{5A6956EB-3DF6-49B3-BD21-F2065560C808}.Release|Any CPU.Build.0 = Release|Any CPU
	EndGlobalSection
	GlobalSection(SolutionProperties) = preSolution
		HideSolutionNode = FALSE
	EndGlobalSection
	GlobalSection(ExtensibilityGlobals) = postSolution
		SolutionGuid = {92BF2177-0180-46EB-96CE-8CFDF6CB3AB8}
	EndGlobalSection
EndGlobal
