
Microsoft Visual Studio Solution File, Format Version 12.00
# Visual Studio Version 17
VisualStudioVersion = 17.2.32602.215
MinimumVisualStudioVersion = 10.0.40219.1
Project("{FAE04EC0-301F-11D3-BF4B-00C04F79EFBC}") = "BasketballLeagueDbProject", "BasketballLeagueDbProject\BasketballLeagueDbProject.csproj", "{79ECD54F-B5F7-4B8D-BC3C-BB1D90BFA710}"
EndProject
Global
	GlobalSection(SolutionConfigurationPlatforms) = preSolution
		Debug|Any CPU = Debug|Any CPU
		Release|Any CPU = Release|Any CPU
	EndGlobalSection
	GlobalSection(ProjectConfigurationPlatforms) = postSolution
		{79ECD54F-B5F7-4B8D-BC3C-BB1D90BFA710}.Debug|Any CPU.ActiveCfg = Debug|Any CPU
		{79ECD54F-B5F7-4B8D-BC3C-BB1D90BFA710}.Debug|Any CPU.Build.0 = Debug|Any CPU
		{79ECD54F-B5F7-4B8D-BC3C-BB1D90BFA710}.Release|Any CPU.ActiveCfg = Release|Any CPU
		{79ECD54F-B5F7-4B8D-BC3C-BB1D90BFA710}.Release|Any CPU.Build.0 = Release|Any CPU
	EndGlobalSection
	GlobalSection(SolutionProperties) = preSolution
		HideSolutionNode = FALSE
	EndGlobalSection
	GlobalSection(ExtensibilityGlobals) = postSolution
		SolutionGuid = {E3A4B244-0BBA-4B5E-BA20-72CD2BD0202A}
	EndGlobalSection
EndGlobal
